
Microsoft Visual Studio Solution File, Format Version 12.00
# Visual Studio 14
VisualStudioVersion = 14.0.25420.1
MinimumVisualStudioVersion = 10.0.40219.1
Project("{2150E333-8FDC-42A3-9474-1A3956D46DE8}") = "Source", "Source", "{AA87BBE5-3D8C-42C6-92B9-5E6311523E55}"
EndProject
Project("{2150E333-8FDC-42A3-9474-1A3956D46DE8}") = "Tests", "Tests", "{6B419F22-C3AE-4A8F-8810-BA573E240F4A}"
EndProject
Project("{FAE04EC0-301F-11D3-BF4B-00C04F79EFBC}") = "PCLConstruct.ServiceBus.RA", "..\..\Projects\PCLConstruct.ServiceBus.RA\PCLConstruct.ServiceBus.RA.csproj", "{B70DBA20-5AC9-4B9A-AB54-36A55A490770}"
EndProject
Global
	GlobalSection(SolutionConfigurationPlatforms) = preSolution
		Debug|Any CPU = Debug|Any CPU
		Release|Any CPU = Release|Any CPU
	EndGlobalSection
	GlobalSection(ProjectConfigurationPlatforms) = postSolution
		{B70DBA20-5AC9-4B9A-AB54-36A55A490770}.Debug|Any CPU.ActiveCfg = Debug|Any CPU
		{B70DBA20-5AC9-4B9A-AB54-36A55A490770}.Debug|Any CPU.Build.0 = Debug|Any CPU
		{B70DBA20-5AC9-4B9A-AB54-36A55A490770}.Release|Any CPU.ActiveCfg = Release|Any CPU
		{B70DBA20-5AC9-4B9A-AB54-36A55A490770}.Release|Any CPU.Build.0 = Release|Any CPU
	EndGlobalSection
	GlobalSection(SolutionProperties) = preSolution
		HideSolutionNode = FALSE
	EndGlobalSection
	GlobalSection(NestedProjects) = preSolution
		{B70DBA20-5AC9-4B9A-AB54-36A55A490770} = {AA87BBE5-3D8C-42C6-92B9-5E6311523E55}
	EndGlobalSection
EndGlobal
