
Microsoft Visual Studio Solution File, Format Version 12.00
# Visual Studio 14
VisualStudioVersion = 14.0.25420.1
MinimumVisualStudioVersion = 10.0.40219.1
Project("{2150E333-8FDC-42A3-9474-1A3956D46DE8}") = "Source", "Source", "{2C11DA1E-89B3-4679-9C52-6D1D160E73C0}"
EndProject
Project("{2150E333-8FDC-42A3-9474-1A3956D46DE8}") = "Tests", "Tests", "{9B898498-2F7F-49CE-8A7E-FB603C0CD7C5}"
EndProject
Project("{FAE04EC0-301F-11D3-BF4B-00C04F79EFBC}") = "PCLConstruct.TelemetryService", "..\..\Projects\PCLConstruct.TelemetryService\PCLConstruct.TelemetryService.csproj", "{0BC24965-BE2E-4653-A906-A5E045C07060}"
EndProject
Project("{FAE04EC0-301F-11D3-BF4B-00C04F79EFBC}") = "PCLConstruct.ConfigService", "..\..\Projects\PCLConstruct.ConfigService\PCLConstruct.ConfigService.csproj", "{C4E080BF-6F7D-435B-B0AF-AD33DD5550D2}"
EndProject
Project("{FAE04EC0-301F-11D3-BF4B-00C04F79EFBC}") = "PCLConstruct.AuthService", "..\..\Projects\PCLConstruct.AuthService\PCLConstruct.AuthService.csproj", "{249CC500-E11D-42DE-9741-D052CBB26A0F}"
EndProject
Project("{FAE04EC0-301F-11D3-BF4B-00C04F79EFBC}") = "PCLConstruct.Contracts", "..\..\Projects\PClConstruct.Contracts\PCLConstruct.Contracts.csproj", "{FBD5B43B-522A-431E-8342-A8E961FDDE86}"
EndProject
Global
	GlobalSection(SolutionConfigurationPlatforms) = preSolution
		Debug|Any CPU = Debug|Any CPU
		Release|Any CPU = Release|Any CPU
	EndGlobalSection
	GlobalSection(ProjectConfigurationPlatforms) = postSolution
		{0BC24965-BE2E-4653-A906-A5E045C07060}.Debug|Any CPU.ActiveCfg = Debug|Any CPU
		{0BC24965-BE2E-4653-A906-A5E045C07060}.Debug|Any CPU.Build.0 = Debug|Any CPU
		{0BC24965-BE2E-4653-A906-A5E045C07060}.Release|Any CPU.ActiveCfg = Release|Any CPU
		{0BC24965-BE2E-4653-A906-A5E045C07060}.Release|Any CPU.Build.0 = Release|Any CPU
		{C4E080BF-6F7D-435B-B0AF-AD33DD5550D2}.Debug|Any CPU.ActiveCfg = Debug|Any CPU
		{C4E080BF-6F7D-435B-B0AF-AD33DD5550D2}.Debug|Any CPU.Build.0 = Debug|Any CPU
		{C4E080BF-6F7D-435B-B0AF-AD33DD5550D2}.Release|Any CPU.ActiveCfg = Release|Any CPU
		{C4E080BF-6F7D-435B-B0AF-AD33DD5550D2}.Release|Any CPU.Build.0 = Release|Any CPU
		{249CC500-E11D-42DE-9741-D052CBB26A0F}.Debug|Any CPU.ActiveCfg = Debug|Any CPU
		{249CC500-E11D-42DE-9741-D052CBB26A0F}.Debug|Any CPU.Build.0 = Debug|Any CPU
		{249CC500-E11D-42DE-9741-D052CBB26A0F}.Release|Any CPU.ActiveCfg = Release|Any CPU
		{249CC500-E11D-42DE-9741-D052CBB26A0F}.Release|Any CPU.Build.0 = Release|Any CPU
		{FBD5B43B-522A-431E-8342-A8E961FDDE86}.Debug|Any CPU.ActiveCfg = Debug|Any CPU
		{FBD5B43B-522A-431E-8342-A8E961FDDE86}.Debug|Any CPU.Build.0 = Debug|Any CPU
		{FBD5B43B-522A-431E-8342-A8E961FDDE86}.Release|Any CPU.ActiveCfg = Release|Any CPU
		{FBD5B43B-522A-431E-8342-A8E961FDDE86}.Release|Any CPU.Build.0 = Release|Any CPU
	EndGlobalSection
	GlobalSection(SolutionProperties) = preSolution
		HideSolutionNode = FALSE
	EndGlobalSection
	GlobalSection(NestedProjects) = preSolution
		{0BC24965-BE2E-4653-A906-A5E045C07060} = {2C11DA1E-89B3-4679-9C52-6D1D160E73C0}
		{C4E080BF-6F7D-435B-B0AF-AD33DD5550D2} = {2C11DA1E-89B3-4679-9C52-6D1D160E73C0}
		{249CC500-E11D-42DE-9741-D052CBB26A0F} = {2C11DA1E-89B3-4679-9C52-6D1D160E73C0}
		{FBD5B43B-522A-431E-8342-A8E961FDDE86} = {2C11DA1E-89B3-4679-9C52-6D1D160E73C0}
	EndGlobalSection
EndGlobal
