
Microsoft Visual Studio Solution File, Format Version 12.00
# Visual Studio 14
VisualStudioVersion = 14.0.25420.1
MinimumVisualStudioVersion = 10.0.40219.1
Project("{2150E333-8FDC-42A3-9474-1A3956D46DE8}") = "Source", "Source", "{72161BE0-197E-443A-A6FA-192CEF7FFC6C}"
EndProject
Project("{2150E333-8FDC-42A3-9474-1A3956D46DE8}") = "Tests", "Tests", "{1D7DB1E3-4008-49EA-8D91-98F6597177EB}"
EndProject
Project("{FAE04EC0-301F-11D3-BF4B-00C04F79EFBC}") = "PCLConstruct.Api", "..\..\Projects\PCLConstruct.Api\PCLConstruct.Api.csproj", "{8A2A6205-7958-4335-B27C-DE22088149A5}"
EndProject
Project("{FAE04EC0-301F-11D3-BF4B-00C04F79EFBC}") = "PCLConstruct.Api.Tests", "..\..\Projects\PCLConstruct.Api.Tests\PCLConstruct.Api.Tests.csproj", "{E03E615F-4F35-47AF-8CB8-50482AFDAF2D}"
EndProject
Global
	GlobalSection(SolutionConfigurationPlatforms) = preSolution
		Debug|Any CPU = Debug|Any CPU
		Release|Any CPU = Release|Any CPU
	EndGlobalSection
	GlobalSection(ProjectConfigurationPlatforms) = postSolution
		{8A2A6205-7958-4335-B27C-DE22088149A5}.Debug|Any CPU.ActiveCfg = Debug|Any CPU
		{8A2A6205-7958-4335-B27C-DE22088149A5}.Debug|Any CPU.Build.0 = Debug|Any CPU
		{8A2A6205-7958-4335-B27C-DE22088149A5}.Release|Any CPU.ActiveCfg = Release|Any CPU
		{8A2A6205-7958-4335-B27C-DE22088149A5}.Release|Any CPU.Build.0 = Release|Any CPU
		{E03E615F-4F35-47AF-8CB8-50482AFDAF2D}.Debug|Any CPU.ActiveCfg = Debug|Any CPU
		{E03E615F-4F35-47AF-8CB8-50482AFDAF2D}.Debug|Any CPU.Build.0 = Debug|Any CPU
		{E03E615F-4F35-47AF-8CB8-50482AFDAF2D}.Release|Any CPU.ActiveCfg = Release|Any CPU
		{E03E615F-4F35-47AF-8CB8-50482AFDAF2D}.Release|Any CPU.Build.0 = Release|Any CPU
	EndGlobalSection
	GlobalSection(SolutionProperties) = preSolution
		HideSolutionNode = FALSE
	EndGlobalSection
	GlobalSection(NestedProjects) = preSolution
		{8A2A6205-7958-4335-B27C-DE22088149A5} = {72161BE0-197E-443A-A6FA-192CEF7FFC6C}
		{E03E615F-4F35-47AF-8CB8-50482AFDAF2D} = {1D7DB1E3-4008-49EA-8D91-98F6597177EB}
	EndGlobalSection
EndGlobal
