
Microsoft Visual Studio Solution File, Format Version 12.00
# Visual Studio 14
VisualStudioVersion = 14.0.25420.1
MinimumVisualStudioVersion = 10.0.40219.1
Project("{2150E333-8FDC-42A3-9474-1A3956D46DE8}") = "Source", "Source", "{72161BE0-197E-443A-A6FA-192CEF7FFC6C}"
EndProject
Project("{2150E333-8FDC-42A3-9474-1A3956D46DE8}") = "Tests", "Tests", "{1D7DB1E3-4008-49EA-8D91-98F6597177EB}"
EndProject
Project("{FAE04EC0-301F-11D3-BF4B-00C04F79EFBC}") = "PCLConstruct.Api.Tests", "..\..\Projects\PCLConstruct.Api.Tests\PCLConstruct.Api.Tests.csproj", "{E03E615F-4F35-47AF-8CB8-50482AFDAF2D}"
EndProject
Project("{FAE04EC0-301F-11D3-BF4B-00C04F79EFBC}") = "PCLConstruct.Api", "..\..\Projects\PCLConstruct.Api\PCLConstruct.Api.csproj", "{A3DD1FB9-C0B8-45CD-8BE1-5452342B5DA4}"
EndProject
Project("{2150E333-8FDC-42A3-9474-1A3956D46DE8}") = "Deploy", "Deploy", "{9F9B16B6-DBD5-43E0-B07E-4B7EA34C6708}"
EndProject
Project("{151D2E53-A2C4-4D7D-83FE-D05416EBD58E}") = "PCLConstruct.Api.Deploy", "..\..\Projects\PCLConstruct.Api.Deploy\PCLConstruct.Api.Deploy.deployproj", "{B712FB5B-2067-4D61-A90D-B7FBBE5823FA}"
EndProject
Global
	GlobalSection(SolutionConfigurationPlatforms) = preSolution
		Debug|Any CPU = Debug|Any CPU
		Release|Any CPU = Release|Any CPU
	EndGlobalSection
	GlobalSection(ProjectConfigurationPlatforms) = postSolution
		{E03E615F-4F35-47AF-8CB8-50482AFDAF2D}.Debug|Any CPU.ActiveCfg = Debug|Any CPU
		{E03E615F-4F35-47AF-8CB8-50482AFDAF2D}.Debug|Any CPU.Build.0 = Debug|Any CPU
		{E03E615F-4F35-47AF-8CB8-50482AFDAF2D}.Release|Any CPU.ActiveCfg = Release|Any CPU
		{E03E615F-4F35-47AF-8CB8-50482AFDAF2D}.Release|Any CPU.Build.0 = Release|Any CPU
		{A3DD1FB9-C0B8-45CD-8BE1-5452342B5DA4}.Debug|Any CPU.ActiveCfg = Debug|Any CPU
		{A3DD1FB9-C0B8-45CD-8BE1-5452342B5DA4}.Debug|Any CPU.Build.0 = Debug|Any CPU
		{A3DD1FB9-C0B8-45CD-8BE1-5452342B5DA4}.Release|Any CPU.ActiveCfg = Release|Any CPU
		{A3DD1FB9-C0B8-45CD-8BE1-5452342B5DA4}.Release|Any CPU.Build.0 = Release|Any CPU
		{B712FB5B-2067-4D61-A90D-B7FBBE5823FA}.Debug|Any CPU.ActiveCfg = Debug|Any CPU
		{B712FB5B-2067-4D61-A90D-B7FBBE5823FA}.Debug|Any CPU.Build.0 = Debug|Any CPU
		{B712FB5B-2067-4D61-A90D-B7FBBE5823FA}.Release|Any CPU.ActiveCfg = Release|Any CPU
		{B712FB5B-2067-4D61-A90D-B7FBBE5823FA}.Release|Any CPU.Build.0 = Release|Any CPU
	EndGlobalSection
	GlobalSection(SolutionProperties) = preSolution
		HideSolutionNode = FALSE
	EndGlobalSection
	GlobalSection(NestedProjects) = preSolution
		{E03E615F-4F35-47AF-8CB8-50482AFDAF2D} = {1D7DB1E3-4008-49EA-8D91-98F6597177EB}
		{A3DD1FB9-C0B8-45CD-8BE1-5452342B5DA4} = {72161BE0-197E-443A-A6FA-192CEF7FFC6C}
		{B712FB5B-2067-4D61-A90D-B7FBBE5823FA} = {9F9B16B6-DBD5-43E0-B07E-4B7EA34C6708}
	EndGlobalSection
EndGlobal
