
Microsoft Visual Studio Solution File, Format Version 12.00
# Visual Studio 14
VisualStudioVersion = 14.0.25420.1
MinimumVisualStudioVersion = 10.0.40219.1
Project("{FAE04EC0-301F-11D3-BF4B-00C04F79EFBC}") = "PCLConstruct.Client", "..\..\Projects\PCLConstruct.Client\PCLConstruct.Client\PCLConstruct.Client.csproj", "{C09206F2-45E2-4B72-9794-93750A06794D}"
EndProject
Project("{FAE04EC0-301F-11D3-BF4B-00C04F79EFBC}") = "PCLConstruct.Client.Droid", "..\..\Projects\PCLConstruct.Client\PCLConstruct.Client.Droid\PCLConstruct.Client.Droid.csproj", "{8B3A7E2C-3C75-49A2-B853-38278537E94D}"
EndProject
Project("{FAE04EC0-301F-11D3-BF4B-00C04F79EFBC}") = "PCLConstruct.Client.iOS", "..\..\Projects\PCLConstruct.Client\PCLConstruct.Client.iOS\PCLConstruct.Client.iOS.csproj", "{786DDE4A-5885-45C2-82B3-94A41496A817}"
EndProject
Project("{FAE04EC0-301F-11D3-BF4B-00C04F79EFBC}") = "PCLConstruct.Client.UWP", "..\..\Projects\PCLConstruct.Client\PCLConstruct.Client.UWP\PCLConstruct.Client.UWP.csproj", "{2394F0DD-EA6B-4343-B9DF-5161935E3D87}"
EndProject
Project("{FAE04EC0-301F-11D3-BF4B-00C04F79EFBC}") = "PCLConstruct.CraftWorkerArrivalListTest", "CraftWorkerArrivalListTest\PCLConstruct.CraftWorkerArrivalListTest.csproj", "{35892533-0672-4190-8622-2289C2D70A29}"
EndProject
Global
	GlobalSection(SolutionConfigurationPlatforms) = preSolution
		Ad-Hoc|Any CPU = Ad-Hoc|Any CPU
		Ad-Hoc|ARM = Ad-Hoc|ARM
		Ad-Hoc|iPhone = Ad-Hoc|iPhone
		Ad-Hoc|iPhoneSimulator = Ad-Hoc|iPhoneSimulator
		Ad-Hoc|x64 = Ad-Hoc|x64
		Ad-Hoc|x86 = Ad-Hoc|x86
		AppStore|Any CPU = AppStore|Any CPU
		AppStore|ARM = AppStore|ARM
		AppStore|iPhone = AppStore|iPhone
		AppStore|iPhoneSimulator = AppStore|iPhoneSimulator
		AppStore|x64 = AppStore|x64
		AppStore|x86 = AppStore|x86
		Debug|Any CPU = Debug|Any CPU
		Debug|ARM = Debug|ARM
		Debug|iPhone = Debug|iPhone
		Debug|iPhoneSimulator = Debug|iPhoneSimulator
		Debug|x64 = Debug|x64
		Debug|x86 = Debug|x86
		Release|Any CPU = Release|Any CPU
		Release|ARM = Release|ARM
		Release|iPhone = Release|iPhone
		Release|iPhoneSimulator = Release|iPhoneSimulator
		Release|x64 = Release|x64
		Release|x86 = Release|x86
	EndGlobalSection
	GlobalSection(ProjectConfigurationPlatforms) = postSolution
		{C09206F2-45E2-4B72-9794-93750A06794D}.Ad-Hoc|Any CPU.ActiveCfg = Release|Any CPU
		{C09206F2-45E2-4B72-9794-93750A06794D}.Ad-Hoc|Any CPU.Build.0 = Release|Any CPU
		{C09206F2-45E2-4B72-9794-93750A06794D}.Ad-Hoc|ARM.ActiveCfg = Release|Any CPU
		{C09206F2-45E2-4B72-9794-93750A06794D}.Ad-Hoc|ARM.Build.0 = Release|Any CPU
		{C09206F2-45E2-4B72-9794-93750A06794D}.Ad-Hoc|iPhone.ActiveCfg = Release|Any CPU
		{C09206F2-45E2-4B72-9794-93750A06794D}.Ad-Hoc|iPhone.Build.0 = Release|Any CPU
		{C09206F2-45E2-4B72-9794-93750A06794D}.Ad-Hoc|iPhoneSimulator.ActiveCfg = Release|Any CPU
		{C09206F2-45E2-4B72-9794-93750A06794D}.Ad-Hoc|iPhoneSimulator.Build.0 = Release|Any CPU
		{C09206F2-45E2-4B72-9794-93750A06794D}.Ad-Hoc|x64.ActiveCfg = Release|Any CPU
		{C09206F2-45E2-4B72-9794-93750A06794D}.Ad-Hoc|x64.Build.0 = Release|Any CPU
		{C09206F2-45E2-4B72-9794-93750A06794D}.Ad-Hoc|x86.ActiveCfg = Release|Any CPU
		{C09206F2-45E2-4B72-9794-93750A06794D}.Ad-Hoc|x86.Build.0 = Release|Any CPU
		{C09206F2-45E2-4B72-9794-93750A06794D}.AppStore|Any CPU.ActiveCfg = Release|Any CPU
		{C09206F2-45E2-4B72-9794-93750A06794D}.AppStore|Any CPU.Build.0 = Release|Any CPU
		{C09206F2-45E2-4B72-9794-93750A06794D}.AppStore|ARM.ActiveCfg = Release|Any CPU
		{C09206F2-45E2-4B72-9794-93750A06794D}.AppStore|ARM.Build.0 = Release|Any CPU
		{C09206F2-45E2-4B72-9794-93750A06794D}.AppStore|iPhone.ActiveCfg = Release|Any CPU
		{C09206F2-45E2-4B72-9794-93750A06794D}.AppStore|iPhone.Build.0 = Release|Any CPU
		{C09206F2-45E2-4B72-9794-93750A06794D}.AppStore|iPhoneSimulator.ActiveCfg = Release|Any CPU
		{C09206F2-45E2-4B72-9794-93750A06794D}.AppStore|iPhoneSimulator.Build.0 = Release|Any CPU
		{C09206F2-45E2-4B72-9794-93750A06794D}.AppStore|x64.ActiveCfg = Release|Any CPU
		{C09206F2-45E2-4B72-9794-93750A06794D}.AppStore|x64.Build.0 = Release|Any CPU
		{C09206F2-45E2-4B72-9794-93750A06794D}.AppStore|x86.ActiveCfg = Release|Any CPU
		{C09206F2-45E2-4B72-9794-93750A06794D}.AppStore|x86.Build.0 = Release|Any CPU
		{C09206F2-45E2-4B72-9794-93750A06794D}.Debug|Any CPU.ActiveCfg = Debug|Any CPU
		{C09206F2-45E2-4B72-9794-93750A06794D}.Debug|Any CPU.Build.0 = Debug|Any CPU
		{C09206F2-45E2-4B72-9794-93750A06794D}.Debug|ARM.ActiveCfg = Debug|Any CPU
		{C09206F2-45E2-4B72-9794-93750A06794D}.Debug|ARM.Build.0 = Debug|Any CPU
		{C09206F2-45E2-4B72-9794-93750A06794D}.Debug|iPhone.ActiveCfg = Debug|Any CPU
		{C09206F2-45E2-4B72-9794-93750A06794D}.Debug|iPhone.Build.0 = Debug|Any CPU
		{C09206F2-45E2-4B72-9794-93750A06794D}.Debug|iPhoneSimulator.ActiveCfg = Debug|Any CPU
		{C09206F2-45E2-4B72-9794-93750A06794D}.Debug|iPhoneSimulator.Build.0 = Debug|Any CPU
		{C09206F2-45E2-4B72-9794-93750A06794D}.Debug|x64.ActiveCfg = Debug|Any CPU
		{C09206F2-45E2-4B72-9794-93750A06794D}.Debug|x64.Build.0 = Debug|Any CPU
		{C09206F2-45E2-4B72-9794-93750A06794D}.Debug|x86.ActiveCfg = Debug|Any CPU
		{C09206F2-45E2-4B72-9794-93750A06794D}.Debug|x86.Build.0 = Debug|Any CPU
		{C09206F2-45E2-4B72-9794-93750A06794D}.Release|Any CPU.ActiveCfg = Release|Any CPU
		{C09206F2-45E2-4B72-9794-93750A06794D}.Release|Any CPU.Build.0 = Release|Any CPU
		{C09206F2-45E2-4B72-9794-93750A06794D}.Release|ARM.ActiveCfg = Release|Any CPU
		{C09206F2-45E2-4B72-9794-93750A06794D}.Release|ARM.Build.0 = Release|Any CPU
		{C09206F2-45E2-4B72-9794-93750A06794D}.Release|iPhone.ActiveCfg = Release|Any CPU
		{C09206F2-45E2-4B72-9794-93750A06794D}.Release|iPhone.Build.0 = Release|Any CPU
		{C09206F2-45E2-4B72-9794-93750A06794D}.Release|iPhoneSimulator.ActiveCfg = Release|Any CPU
		{C09206F2-45E2-4B72-9794-93750A06794D}.Release|iPhoneSimulator.Build.0 = Release|Any CPU
		{C09206F2-45E2-4B72-9794-93750A06794D}.Release|x64.ActiveCfg = Release|Any CPU
		{C09206F2-45E2-4B72-9794-93750A06794D}.Release|x64.Build.0 = Release|Any CPU
		{C09206F2-45E2-4B72-9794-93750A06794D}.Release|x86.ActiveCfg = Release|Any CPU
		{C09206F2-45E2-4B72-9794-93750A06794D}.Release|x86.Build.0 = Release|Any CPU
		{8B3A7E2C-3C75-49A2-B853-38278537E94D}.Ad-Hoc|Any CPU.ActiveCfg = Release|Any CPU
		{8B3A7E2C-3C75-49A2-B853-38278537E94D}.Ad-Hoc|Any CPU.Build.0 = Release|Any CPU
		{8B3A7E2C-3C75-49A2-B853-38278537E94D}.Ad-Hoc|Any CPU.Deploy.0 = Release|Any CPU
		{8B3A7E2C-3C75-49A2-B853-38278537E94D}.Ad-Hoc|ARM.ActiveCfg = Release|Any CPU
		{8B3A7E2C-3C75-49A2-B853-38278537E94D}.Ad-Hoc|ARM.Build.0 = Release|Any CPU
		{8B3A7E2C-3C75-49A2-B853-38278537E94D}.Ad-Hoc|ARM.Deploy.0 = Release|Any CPU
		{8B3A7E2C-3C75-49A2-B853-38278537E94D}.Ad-Hoc|iPhone.ActiveCfg = Release|Any CPU
		{8B3A7E2C-3C75-49A2-B853-38278537E94D}.Ad-Hoc|iPhone.Build.0 = Release|Any CPU
		{8B3A7E2C-3C75-49A2-B853-38278537E94D}.Ad-Hoc|iPhone.Deploy.0 = Release|Any CPU
		{8B3A7E2C-3C75-49A2-B853-38278537E94D}.Ad-Hoc|iPhoneSimulator.ActiveCfg = Release|Any CPU
		{8B3A7E2C-3C75-49A2-B853-38278537E94D}.Ad-Hoc|iPhoneSimulator.Build.0 = Release|Any CPU
		{8B3A7E2C-3C75-49A2-B853-38278537E94D}.Ad-Hoc|iPhoneSimulator.Deploy.0 = Release|Any CPU
		{8B3A7E2C-3C75-49A2-B853-38278537E94D}.Ad-Hoc|x64.ActiveCfg = Release|Any CPU
		{8B3A7E2C-3C75-49A2-B853-38278537E94D}.Ad-Hoc|x64.Build.0 = Release|Any CPU
		{8B3A7E2C-3C75-49A2-B853-38278537E94D}.Ad-Hoc|x64.Deploy.0 = Release|Any CPU
		{8B3A7E2C-3C75-49A2-B853-38278537E94D}.Ad-Hoc|x86.ActiveCfg = Release|Any CPU
		{8B3A7E2C-3C75-49A2-B853-38278537E94D}.Ad-Hoc|x86.Build.0 = Release|Any CPU
		{8B3A7E2C-3C75-49A2-B853-38278537E94D}.Ad-Hoc|x86.Deploy.0 = Release|Any CPU
		{8B3A7E2C-3C75-49A2-B853-38278537E94D}.AppStore|Any CPU.ActiveCfg = Release|Any CPU
		{8B3A7E2C-3C75-49A2-B853-38278537E94D}.AppStore|Any CPU.Build.0 = Release|Any CPU
		{8B3A7E2C-3C75-49A2-B853-38278537E94D}.AppStore|Any CPU.Deploy.0 = Release|Any CPU
		{8B3A7E2C-3C75-49A2-B853-38278537E94D}.AppStore|ARM.ActiveCfg = Release|Any CPU
		{8B3A7E2C-3C75-49A2-B853-38278537E94D}.AppStore|ARM.Build.0 = Release|Any CPU
		{8B3A7E2C-3C75-49A2-B853-38278537E94D}.AppStore|ARM.Deploy.0 = Release|Any CPU
		{8B3A7E2C-3C75-49A2-B853-38278537E94D}.AppStore|iPhone.ActiveCfg = Release|Any CPU
		{8B3A7E2C-3C75-49A2-B853-38278537E94D}.AppStore|iPhone.Build.0 = Release|Any CPU
		{8B3A7E2C-3C75-49A2-B853-38278537E94D}.AppStore|iPhone.Deploy.0 = Release|Any CPU
		{8B3A7E2C-3C75-49A2-B853-38278537E94D}.AppStore|iPhoneSimulator.ActiveCfg = Release|Any CPU
		{8B3A7E2C-3C75-49A2-B853-38278537E94D}.AppStore|iPhoneSimulator.Build.0 = Release|Any CPU
		{8B3A7E2C-3C75-49A2-B853-38278537E94D}.AppStore|iPhoneSimulator.Deploy.0 = Release|Any CPU
		{8B3A7E2C-3C75-49A2-B853-38278537E94D}.AppStore|x64.ActiveCfg = Release|Any CPU
		{8B3A7E2C-3C75-49A2-B853-38278537E94D}.AppStore|x64.Build.0 = Release|Any CPU
		{8B3A7E2C-3C75-49A2-B853-38278537E94D}.AppStore|x64.Deploy.0 = Release|Any CPU
		{8B3A7E2C-3C75-49A2-B853-38278537E94D}.AppStore|x86.ActiveCfg = Release|Any CPU
		{8B3A7E2C-3C75-49A2-B853-38278537E94D}.AppStore|x86.Build.0 = Release|Any CPU
		{8B3A7E2C-3C75-49A2-B853-38278537E94D}.AppStore|x86.Deploy.0 = Release|Any CPU
		{8B3A7E2C-3C75-49A2-B853-38278537E94D}.Debug|Any CPU.ActiveCfg = Debug|Any CPU
		{8B3A7E2C-3C75-49A2-B853-38278537E94D}.Debug|Any CPU.Build.0 = Debug|Any CPU
		{8B3A7E2C-3C75-49A2-B853-38278537E94D}.Debug|Any CPU.Deploy.0 = Debug|Any CPU
		{8B3A7E2C-3C75-49A2-B853-38278537E94D}.Debug|ARM.ActiveCfg = Debug|Any CPU
		{8B3A7E2C-3C75-49A2-B853-38278537E94D}.Debug|ARM.Build.0 = Debug|Any CPU
		{8B3A7E2C-3C75-49A2-B853-38278537E94D}.Debug|ARM.Deploy.0 = Debug|Any CPU
		{8B3A7E2C-3C75-49A2-B853-38278537E94D}.Debug|iPhone.ActiveCfg = Debug|Any CPU
		{8B3A7E2C-3C75-49A2-B853-38278537E94D}.Debug|iPhone.Build.0 = Debug|Any CPU
		{8B3A7E2C-3C75-49A2-B853-38278537E94D}.Debug|iPhone.Deploy.0 = Debug|Any CPU
		{8B3A7E2C-3C75-49A2-B853-38278537E94D}.Debug|iPhoneSimulator.ActiveCfg = Debug|Any CPU
		{8B3A7E2C-3C75-49A2-B853-38278537E94D}.Debug|iPhoneSimulator.Build.0 = Debug|Any CPU
		{8B3A7E2C-3C75-49A2-B853-38278537E94D}.Debug|iPhoneSimulator.Deploy.0 = Debug|Any CPU
		{8B3A7E2C-3C75-49A2-B853-38278537E94D}.Debug|x64.ActiveCfg = Debug|Any CPU
		{8B3A7E2C-3C75-49A2-B853-38278537E94D}.Debug|x64.Build.0 = Debug|Any CPU
		{8B3A7E2C-3C75-49A2-B853-38278537E94D}.Debug|x64.Deploy.0 = Debug|Any CPU
		{8B3A7E2C-3C75-49A2-B853-38278537E94D}.Debug|x86.ActiveCfg = Debug|Any CPU
		{8B3A7E2C-3C75-49A2-B853-38278537E94D}.Debug|x86.Build.0 = Debug|Any CPU
		{8B3A7E2C-3C75-49A2-B853-38278537E94D}.Debug|x86.Deploy.0 = Debug|Any CPU
		{8B3A7E2C-3C75-49A2-B853-38278537E94D}.Release|Any CPU.ActiveCfg = Release|Any CPU
		{8B3A7E2C-3C75-49A2-B853-38278537E94D}.Release|Any CPU.Build.0 = Release|Any CPU
		{8B3A7E2C-3C75-49A2-B853-38278537E94D}.Release|Any CPU.Deploy.0 = Release|Any CPU
		{8B3A7E2C-3C75-49A2-B853-38278537E94D}.Release|ARM.ActiveCfg = Release|Any CPU
		{8B3A7E2C-3C75-49A2-B853-38278537E94D}.Release|ARM.Build.0 = Release|Any CPU
		{8B3A7E2C-3C75-49A2-B853-38278537E94D}.Release|ARM.Deploy.0 = Release|Any CPU
		{8B3A7E2C-3C75-49A2-B853-38278537E94D}.Release|iPhone.ActiveCfg = Release|Any CPU
		{8B3A7E2C-3C75-49A2-B853-38278537E94D}.Release|iPhone.Build.0 = Release|Any CPU
		{8B3A7E2C-3C75-49A2-B853-38278537E94D}.Release|iPhone.Deploy.0 = Release|Any CPU
		{8B3A7E2C-3C75-49A2-B853-38278537E94D}.Release|iPhoneSimulator.ActiveCfg = Release|Any CPU
		{8B3A7E2C-3C75-49A2-B853-38278537E94D}.Release|iPhoneSimulator.Build.0 = Release|Any CPU
		{8B3A7E2C-3C75-49A2-B853-38278537E94D}.Release|iPhoneSimulator.Deploy.0 = Release|Any CPU
		{8B3A7E2C-3C75-49A2-B853-38278537E94D}.Release|x64.ActiveCfg = Release|Any CPU
		{8B3A7E2C-3C75-49A2-B853-38278537E94D}.Release|x64.Build.0 = Release|Any CPU
		{8B3A7E2C-3C75-49A2-B853-38278537E94D}.Release|x64.Deploy.0 = Release|Any CPU
		{8B3A7E2C-3C75-49A2-B853-38278537E94D}.Release|x86.ActiveCfg = Release|Any CPU
		{8B3A7E2C-3C75-49A2-B853-38278537E94D}.Release|x86.Build.0 = Release|Any CPU
		{8B3A7E2C-3C75-49A2-B853-38278537E94D}.Release|x86.Deploy.0 = Release|Any CPU
		{786DDE4A-5885-45C2-82B3-94A41496A817}.Ad-Hoc|Any CPU.ActiveCfg = Ad-Hoc|iPhone
		{786DDE4A-5885-45C2-82B3-94A41496A817}.Ad-Hoc|ARM.ActiveCfg = Ad-Hoc|iPhone
		{786DDE4A-5885-45C2-82B3-94A41496A817}.Ad-Hoc|iPhone.ActiveCfg = Ad-Hoc|iPhone
		{786DDE4A-5885-45C2-82B3-94A41496A817}.Ad-Hoc|iPhone.Build.0 = Ad-Hoc|iPhone
		{786DDE4A-5885-45C2-82B3-94A41496A817}.Ad-Hoc|iPhoneSimulator.ActiveCfg = Ad-Hoc|iPhoneSimulator
		{786DDE4A-5885-45C2-82B3-94A41496A817}.Ad-Hoc|iPhoneSimulator.Build.0 = Ad-Hoc|iPhoneSimulator
		{786DDE4A-5885-45C2-82B3-94A41496A817}.Ad-Hoc|x64.ActiveCfg = Ad-Hoc|iPhone
		{786DDE4A-5885-45C2-82B3-94A41496A817}.Ad-Hoc|x86.ActiveCfg = Ad-Hoc|iPhone
		{786DDE4A-5885-45C2-82B3-94A41496A817}.AppStore|Any CPU.ActiveCfg = AppStore|iPhone
		{786DDE4A-5885-45C2-82B3-94A41496A817}.AppStore|ARM.ActiveCfg = AppStore|iPhone
		{786DDE4A-5885-45C2-82B3-94A41496A817}.AppStore|iPhone.ActiveCfg = AppStore|iPhone
		{786DDE4A-5885-45C2-82B3-94A41496A817}.AppStore|iPhone.Build.0 = AppStore|iPhone
		{786DDE4A-5885-45C2-82B3-94A41496A817}.AppStore|iPhoneSimulator.ActiveCfg = AppStore|iPhoneSimulator
		{786DDE4A-5885-45C2-82B3-94A41496A817}.AppStore|iPhoneSimulator.Build.0 = AppStore|iPhoneSimulator
		{786DDE4A-5885-45C2-82B3-94A41496A817}.AppStore|x64.ActiveCfg = AppStore|iPhone
		{786DDE4A-5885-45C2-82B3-94A41496A817}.AppStore|x86.ActiveCfg = AppStore|iPhone
		{786DDE4A-5885-45C2-82B3-94A41496A817}.Debug|Any CPU.ActiveCfg = Debug|iPhone
		{786DDE4A-5885-45C2-82B3-94A41496A817}.Debug|ARM.ActiveCfg = Debug|iPhone
		{786DDE4A-5885-45C2-82B3-94A41496A817}.Debug|iPhone.ActiveCfg = Debug|iPhone
		{786DDE4A-5885-45C2-82B3-94A41496A817}.Debug|iPhone.Build.0 = Debug|iPhone
		{786DDE4A-5885-45C2-82B3-94A41496A817}.Debug|iPhoneSimulator.ActiveCfg = Debug|iPhoneSimulator
		{786DDE4A-5885-45C2-82B3-94A41496A817}.Debug|iPhoneSimulator.Build.0 = Debug|iPhoneSimulator
		{786DDE4A-5885-45C2-82B3-94A41496A817}.Debug|x64.ActiveCfg = Debug|iPhone
		{786DDE4A-5885-45C2-82B3-94A41496A817}.Debug|x86.ActiveCfg = Debug|iPhone
		{786DDE4A-5885-45C2-82B3-94A41496A817}.Release|Any CPU.ActiveCfg = Release|iPhone
		{786DDE4A-5885-45C2-82B3-94A41496A817}.Release|ARM.ActiveCfg = Release|iPhone
		{786DDE4A-5885-45C2-82B3-94A41496A817}.Release|iPhone.ActiveCfg = Release|iPhone
		{786DDE4A-5885-45C2-82B3-94A41496A817}.Release|iPhone.Build.0 = Release|iPhone
		{786DDE4A-5885-45C2-82B3-94A41496A817}.Release|iPhoneSimulator.ActiveCfg = Release|iPhoneSimulator
		{786DDE4A-5885-45C2-82B3-94A41496A817}.Release|iPhoneSimulator.Build.0 = Release|iPhoneSimulator
		{786DDE4A-5885-45C2-82B3-94A41496A817}.Release|x64.ActiveCfg = Release|iPhone
		{786DDE4A-5885-45C2-82B3-94A41496A817}.Release|x86.ActiveCfg = Release|iPhone
		{2394F0DD-EA6B-4343-B9DF-5161935E3D87}.Ad-Hoc|Any CPU.ActiveCfg = Release|x86
		{2394F0DD-EA6B-4343-B9DF-5161935E3D87}.Ad-Hoc|Any CPU.Build.0 = Release|x86
		{2394F0DD-EA6B-4343-B9DF-5161935E3D87}.Ad-Hoc|Any CPU.Deploy.0 = Release|x86
		{2394F0DD-EA6B-4343-B9DF-5161935E3D87}.Ad-Hoc|ARM.ActiveCfg = Release|ARM
		{2394F0DD-EA6B-4343-B9DF-5161935E3D87}.Ad-Hoc|ARM.Build.0 = Release|ARM
		{2394F0DD-EA6B-4343-B9DF-5161935E3D87}.Ad-Hoc|ARM.Deploy.0 = Release|ARM
		{2394F0DD-EA6B-4343-B9DF-5161935E3D87}.Ad-Hoc|iPhone.ActiveCfg = Release|x86
		{2394F0DD-EA6B-4343-B9DF-5161935E3D87}.Ad-Hoc|iPhone.Build.0 = Release|x86
		{2394F0DD-EA6B-4343-B9DF-5161935E3D87}.Ad-Hoc|iPhone.Deploy.0 = Release|x86
		{2394F0DD-EA6B-4343-B9DF-5161935E3D87}.Ad-Hoc|iPhoneSimulator.ActiveCfg = Release|x86
		{2394F0DD-EA6B-4343-B9DF-5161935E3D87}.Ad-Hoc|iPhoneSimulator.Build.0 = Release|x86
		{2394F0DD-EA6B-4343-B9DF-5161935E3D87}.Ad-Hoc|iPhoneSimulator.Deploy.0 = Release|x86
		{2394F0DD-EA6B-4343-B9DF-5161935E3D87}.Ad-Hoc|x64.ActiveCfg = Release|x64
		{2394F0DD-EA6B-4343-B9DF-5161935E3D87}.Ad-Hoc|x64.Build.0 = Release|x64
		{2394F0DD-EA6B-4343-B9DF-5161935E3D87}.Ad-Hoc|x64.Deploy.0 = Release|x64
		{2394F0DD-EA6B-4343-B9DF-5161935E3D87}.Ad-Hoc|x86.ActiveCfg = Release|x86
		{2394F0DD-EA6B-4343-B9DF-5161935E3D87}.Ad-Hoc|x86.Build.0 = Release|x86
		{2394F0DD-EA6B-4343-B9DF-5161935E3D87}.Ad-Hoc|x86.Deploy.0 = Release|x86
		{2394F0DD-EA6B-4343-B9DF-5161935E3D87}.AppStore|Any CPU.ActiveCfg = Release|x86
		{2394F0DD-EA6B-4343-B9DF-5161935E3D87}.AppStore|Any CPU.Build.0 = Release|x86
		{2394F0DD-EA6B-4343-B9DF-5161935E3D87}.AppStore|Any CPU.Deploy.0 = Release|x86
		{2394F0DD-EA6B-4343-B9DF-5161935E3D87}.AppStore|ARM.ActiveCfg = Release|ARM
		{2394F0DD-EA6B-4343-B9DF-5161935E3D87}.AppStore|ARM.Build.0 = Release|ARM
		{2394F0DD-EA6B-4343-B9DF-5161935E3D87}.AppStore|ARM.Deploy.0 = Release|ARM
		{2394F0DD-EA6B-4343-B9DF-5161935E3D87}.AppStore|iPhone.ActiveCfg = Release|x86
		{2394F0DD-EA6B-4343-B9DF-5161935E3D87}.AppStore|iPhone.Build.0 = Release|x86
		{2394F0DD-EA6B-4343-B9DF-5161935E3D87}.AppStore|iPhone.Deploy.0 = Release|x86
		{2394F0DD-EA6B-4343-B9DF-5161935E3D87}.AppStore|iPhoneSimulator.ActiveCfg = Release|x86
		{2394F0DD-EA6B-4343-B9DF-5161935E3D87}.AppStore|iPhoneSimulator.Build.0 = Release|x86
		{2394F0DD-EA6B-4343-B9DF-5161935E3D87}.AppStore|iPhoneSimulator.Deploy.0 = Release|x86
		{2394F0DD-EA6B-4343-B9DF-5161935E3D87}.AppStore|x64.ActiveCfg = Release|x64
		{2394F0DD-EA6B-4343-B9DF-5161935E3D87}.AppStore|x64.Build.0 = Release|x64
		{2394F0DD-EA6B-4343-B9DF-5161935E3D87}.AppStore|x64.Deploy.0 = Release|x64
		{2394F0DD-EA6B-4343-B9DF-5161935E3D87}.AppStore|x86.ActiveCfg = Release|x86
		{2394F0DD-EA6B-4343-B9DF-5161935E3D87}.AppStore|x86.Build.0 = Release|x86
		{2394F0DD-EA6B-4343-B9DF-5161935E3D87}.AppStore|x86.Deploy.0 = Release|x86
		{2394F0DD-EA6B-4343-B9DF-5161935E3D87}.Debug|Any CPU.ActiveCfg = Debug|x86
		{2394F0DD-EA6B-4343-B9DF-5161935E3D87}.Debug|Any CPU.Build.0 = Debug|x86
		{2394F0DD-EA6B-4343-B9DF-5161935E3D87}.Debug|Any CPU.Deploy.0 = Debug|x86
		{2394F0DD-EA6B-4343-B9DF-5161935E3D87}.Debug|ARM.ActiveCfg = Debug|ARM
		{2394F0DD-EA6B-4343-B9DF-5161935E3D87}.Debug|ARM.Build.0 = Debug|ARM
		{2394F0DD-EA6B-4343-B9DF-5161935E3D87}.Debug|ARM.Deploy.0 = Debug|ARM
		{2394F0DD-EA6B-4343-B9DF-5161935E3D87}.Debug|iPhone.ActiveCfg = Debug|x86
		{2394F0DD-EA6B-4343-B9DF-5161935E3D87}.Debug|iPhoneSimulator.ActiveCfg = Debug|x86
		{2394F0DD-EA6B-4343-B9DF-5161935E3D87}.Debug|x64.ActiveCfg = Debug|x64
		{2394F0DD-EA6B-4343-B9DF-5161935E3D87}.Debug|x64.Build.0 = Debug|x64
		{2394F0DD-EA6B-4343-B9DF-5161935E3D87}.Debug|x64.Deploy.0 = Debug|x64
		{2394F0DD-EA6B-4343-B9DF-5161935E3D87}.Debug|x86.ActiveCfg = Debug|x86
		{2394F0DD-EA6B-4343-B9DF-5161935E3D87}.Debug|x86.Build.0 = Debug|x86
		{2394F0DD-EA6B-4343-B9DF-5161935E3D87}.Debug|x86.Deploy.0 = Debug|x86
		{2394F0DD-EA6B-4343-B9DF-5161935E3D87}.Release|Any CPU.ActiveCfg = Release|x86
		{2394F0DD-EA6B-4343-B9DF-5161935E3D87}.Release|ARM.ActiveCfg = Release|ARM
		{2394F0DD-EA6B-4343-B9DF-5161935E3D87}.Release|ARM.Build.0 = Release|ARM
		{2394F0DD-EA6B-4343-B9DF-5161935E3D87}.Release|ARM.Deploy.0 = Release|ARM
		{2394F0DD-EA6B-4343-B9DF-5161935E3D87}.Release|iPhone.ActiveCfg = Release|x86
		{2394F0DD-EA6B-4343-B9DF-5161935E3D87}.Release|iPhoneSimulator.ActiveCfg = Release|x86
		{2394F0DD-EA6B-4343-B9DF-5161935E3D87}.Release|x64.ActiveCfg = Release|x64
		{2394F0DD-EA6B-4343-B9DF-5161935E3D87}.Release|x64.Build.0 = Release|x64
		{2394F0DD-EA6B-4343-B9DF-5161935E3D87}.Release|x64.Deploy.0 = Release|x64
		{2394F0DD-EA6B-4343-B9DF-5161935E3D87}.Release|x86.ActiveCfg = Release|x86
		{2394F0DD-EA6B-4343-B9DF-5161935E3D87}.Release|x86.Build.0 = Release|x86
		{2394F0DD-EA6B-4343-B9DF-5161935E3D87}.Release|x86.Deploy.0 = Release|x86
		{35892533-0672-4190-8622-2289C2D70A29}.Ad-Hoc|Any CPU.ActiveCfg = Release|Any CPU
		{35892533-0672-4190-8622-2289C2D70A29}.Ad-Hoc|Any CPU.Build.0 = Release|Any CPU
		{35892533-0672-4190-8622-2289C2D70A29}.Ad-Hoc|ARM.ActiveCfg = Release|Any CPU
		{35892533-0672-4190-8622-2289C2D70A29}.Ad-Hoc|ARM.Build.0 = Release|Any CPU
		{35892533-0672-4190-8622-2289C2D70A29}.Ad-Hoc|iPhone.ActiveCfg = Release|Any CPU
		{35892533-0672-4190-8622-2289C2D70A29}.Ad-Hoc|iPhone.Build.0 = Release|Any CPU
		{35892533-0672-4190-8622-2289C2D70A29}.Ad-Hoc|iPhoneSimulator.ActiveCfg = Release|Any CPU
		{35892533-0672-4190-8622-2289C2D70A29}.Ad-Hoc|iPhoneSimulator.Build.0 = Release|Any CPU
		{35892533-0672-4190-8622-2289C2D70A29}.Ad-Hoc|x64.ActiveCfg = Release|Any CPU
		{35892533-0672-4190-8622-2289C2D70A29}.Ad-Hoc|x64.Build.0 = Release|Any CPU
		{35892533-0672-4190-8622-2289C2D70A29}.Ad-Hoc|x86.ActiveCfg = Release|Any CPU
		{35892533-0672-4190-8622-2289C2D70A29}.Ad-Hoc|x86.Build.0 = Release|Any CPU
		{35892533-0672-4190-8622-2289C2D70A29}.AppStore|Any CPU.ActiveCfg = Release|Any CPU
		{35892533-0672-4190-8622-2289C2D70A29}.AppStore|Any CPU.Build.0 = Release|Any CPU
		{35892533-0672-4190-8622-2289C2D70A29}.AppStore|ARM.ActiveCfg = Release|Any CPU
		{35892533-0672-4190-8622-2289C2D70A29}.AppStore|ARM.Build.0 = Release|Any CPU
		{35892533-0672-4190-8622-2289C2D70A29}.AppStore|iPhone.ActiveCfg = Release|Any CPU
		{35892533-0672-4190-8622-2289C2D70A29}.AppStore|iPhone.Build.0 = Release|Any CPU
		{35892533-0672-4190-8622-2289C2D70A29}.AppStore|iPhoneSimulator.ActiveCfg = Release|Any CPU
		{35892533-0672-4190-8622-2289C2D70A29}.AppStore|iPhoneSimulator.Build.0 = Release|Any CPU
		{35892533-0672-4190-8622-2289C2D70A29}.AppStore|x64.ActiveCfg = Release|Any CPU
		{35892533-0672-4190-8622-2289C2D70A29}.AppStore|x64.Build.0 = Release|Any CPU
		{35892533-0672-4190-8622-2289C2D70A29}.AppStore|x86.ActiveCfg = Release|Any CPU
		{35892533-0672-4190-8622-2289C2D70A29}.AppStore|x86.Build.0 = Release|Any CPU
		{35892533-0672-4190-8622-2289C2D70A29}.Debug|Any CPU.ActiveCfg = Debug|Any CPU
		{35892533-0672-4190-8622-2289C2D70A29}.Debug|Any CPU.Build.0 = Debug|Any CPU
		{35892533-0672-4190-8622-2289C2D70A29}.Debug|ARM.ActiveCfg = Debug|Any CPU
		{35892533-0672-4190-8622-2289C2D70A29}.Debug|ARM.Build.0 = Debug|Any CPU
		{35892533-0672-4190-8622-2289C2D70A29}.Debug|iPhone.ActiveCfg = Debug|Any CPU
		{35892533-0672-4190-8622-2289C2D70A29}.Debug|iPhone.Build.0 = Debug|Any CPU
		{35892533-0672-4190-8622-2289C2D70A29}.Debug|iPhoneSimulator.ActiveCfg = Debug|Any CPU
		{35892533-0672-4190-8622-2289C2D70A29}.Debug|iPhoneSimulator.Build.0 = Debug|Any CPU
		{35892533-0672-4190-8622-2289C2D70A29}.Debug|x64.ActiveCfg = Debug|Any CPU
		{35892533-0672-4190-8622-2289C2D70A29}.Debug|x64.Build.0 = Debug|Any CPU
		{35892533-0672-4190-8622-2289C2D70A29}.Debug|x86.ActiveCfg = Debug|Any CPU
		{35892533-0672-4190-8622-2289C2D70A29}.Debug|x86.Build.0 = Debug|Any CPU
		{35892533-0672-4190-8622-2289C2D70A29}.Release|Any CPU.ActiveCfg = Release|Any CPU
		{35892533-0672-4190-8622-2289C2D70A29}.Release|Any CPU.Build.0 = Release|Any CPU
		{35892533-0672-4190-8622-2289C2D70A29}.Release|ARM.ActiveCfg = Release|Any CPU
		{35892533-0672-4190-8622-2289C2D70A29}.Release|ARM.Build.0 = Release|Any CPU
		{35892533-0672-4190-8622-2289C2D70A29}.Release|iPhone.ActiveCfg = Release|Any CPU
		{35892533-0672-4190-8622-2289C2D70A29}.Release|iPhone.Build.0 = Release|Any CPU
		{35892533-0672-4190-8622-2289C2D70A29}.Release|iPhoneSimulator.ActiveCfg = Release|Any CPU
		{35892533-0672-4190-8622-2289C2D70A29}.Release|iPhoneSimulator.Build.0 = Release|Any CPU
		{35892533-0672-4190-8622-2289C2D70A29}.Release|x64.ActiveCfg = Release|Any CPU
		{35892533-0672-4190-8622-2289C2D70A29}.Release|x64.Build.0 = Release|Any CPU
		{35892533-0672-4190-8622-2289C2D70A29}.Release|x86.ActiveCfg = Release|Any CPU
		{35892533-0672-4190-8622-2289C2D70A29}.Release|x86.Build.0 = Release|Any CPU
	EndGlobalSection
	GlobalSection(SolutionProperties) = preSolution
		HideSolutionNode = FALSE
	EndGlobalSection
EndGlobal
