
Microsoft Visual Studio Solution File, Format Version 12.00
# Visual Studio 14
VisualStudioVersion = 14.0.25420.1
MinimumVisualStudioVersion = 10.0.40219.1
Project("{2150E333-8FDC-42A3-9474-1A3956D46DE8}") = "Source", "Source", "{2AF19280-F7C7-480B-A0B5-654C7D6446BC}"
EndProject
Project("{2150E333-8FDC-42A3-9474-1A3956D46DE8}") = "Tests", "Tests", "{E2B2C7DB-69CD-4DAF-88F7-C9DEBB8B0F54}"
EndProject
Project("{FAE04EC0-301F-11D3-BF4B-00C04F79EFBC}") = "PCLConstruct.UserRA", "PCLConstruct.UserRA\PCLConstruct.UserRA.csproj", "{F998C683-708C-4E32-AF3A-6BE53CE7AC20}"
EndProject
Global
	GlobalSection(SolutionConfigurationPlatforms) = preSolution
		Debug|Any CPU = Debug|Any CPU
		Release|Any CPU = Release|Any CPU
	EndGlobalSection
	GlobalSection(ProjectConfigurationPlatforms) = postSolution
		{F998C683-708C-4E32-AF3A-6BE53CE7AC20}.Debug|Any CPU.ActiveCfg = Debug|Any CPU
		{F998C683-708C-4E32-AF3A-6BE53CE7AC20}.Debug|Any CPU.Build.0 = Debug|Any CPU
		{F998C683-708C-4E32-AF3A-6BE53CE7AC20}.Release|Any CPU.ActiveCfg = Release|Any CPU
		{F998C683-708C-4E32-AF3A-6BE53CE7AC20}.Release|Any CPU.Build.0 = Release|Any CPU
	EndGlobalSection
	GlobalSection(SolutionProperties) = preSolution
		HideSolutionNode = FALSE
	EndGlobalSection
	GlobalSection(NestedProjects) = preSolution
		{F998C683-708C-4E32-AF3A-6BE53CE7AC20} = {2AF19280-F7C7-480B-A0B5-654C7D6446BC}
	EndGlobalSection
EndGlobal
